<Solution>
  <Folder Name="/Solution Items/">
    <File Path=".editorconfig" />
  </Folder>
  <Folder Name="/Tests/">
    <Project Path="Tests/PureQL.CSharp.Model.Serialization.Tests/PureQL.CSharp.Model.Serialization.Tests.csproj" />
  </Folder>
  <Project Path="PureQL.CSharp.Model.Serialization/PureQL.CSharp.Model.Serialization.csproj" />
</Solution>
